
Microsoft Visual Studio Solution File, Format Version 12.00
# Visual Studio 15
VisualStudioVersion = 15.0.26124.0
MinimumVisualStudioVersion = 15.0.26124.0
Project("{FAE04EC0-301F-11D3-BF4B-00C04F79EFBC}") = "red.gaius.brightbronze.core", "red.gaius.brightbronze.core\red.gaius.brightbronze.core.csproj", "{CEFBCFDF-C433-4870-AC9F-65B2172064E6}"
EndProject
Project("{FAE04EC0-301F-11D3-BF4B-00C04F79EFBC}") = "red.gaius.brightbronze.tests", "red.gaius.brightbronze.tests\red.gaius.brightbronze.tests.csproj", "{16B1AAC8-772D-4169-BC25-AAC57E2A935A}"
EndProject
Project("{FAE04EC0-301F-11D3-BF4B-00C04F79EFBC}") = "red.gaius.brightbronze.discord", "red.gaius.brightbronze.discord\red.gaius.brightbronze.discord.csproj", "{E40A0908-A2C9-4012-969C-ADC1778AA99D}"
EndProject
Global
	GlobalSection(SolutionConfigurationPlatforms) = preSolution
		Debug|Any CPU = Debug|Any CPU
		Debug|x64 = Debug|x64
		Debug|x86 = Debug|x86
		Release|Any CPU = Release|Any CPU
		Release|x64 = Release|x64
		Release|x86 = Release|x86
	EndGlobalSection
	GlobalSection(SolutionProperties) = preSolution
		HideSolutionNode = FALSE
	EndGlobalSection
	GlobalSection(ProjectConfigurationPlatforms) = postSolution
		{CEFBCFDF-C433-4870-AC9F-65B2172064E6}.Debug|Any CPU.ActiveCfg = Debug|Any CPU
		{CEFBCFDF-C433-4870-AC9F-65B2172064E6}.Debug|Any CPU.Build.0 = Debug|Any CPU
		{CEFBCFDF-C433-4870-AC9F-65B2172064E6}.Debug|x64.ActiveCfg = Debug|Any CPU
		{CEFBCFDF-C433-4870-AC9F-65B2172064E6}.Debug|x64.Build.0 = Debug|Any CPU
		{CEFBCFDF-C433-4870-AC9F-65B2172064E6}.Debug|x86.ActiveCfg = Debug|Any CPU
		{CEFBCFDF-C433-4870-AC9F-65B2172064E6}.Debug|x86.Build.0 = Debug|Any CPU
		{CEFBCFDF-C433-4870-AC9F-65B2172064E6}.Release|Any CPU.ActiveCfg = Release|Any CPU
		{CEFBCFDF-C433-4870-AC9F-65B2172064E6}.Release|Any CPU.Build.0 = Release|Any CPU
		{CEFBCFDF-C433-4870-AC9F-65B2172064E6}.Release|x64.ActiveCfg = Release|Any CPU
		{CEFBCFDF-C433-4870-AC9F-65B2172064E6}.Release|x64.Build.0 = Release|Any CPU
		{CEFBCFDF-C433-4870-AC9F-65B2172064E6}.Release|x86.ActiveCfg = Release|Any CPU
		{CEFBCFDF-C433-4870-AC9F-65B2172064E6}.Release|x86.Build.0 = Release|Any CPU
		{16B1AAC8-772D-4169-BC25-AAC57E2A935A}.Debug|Any CPU.ActiveCfg = Debug|Any CPU
		{16B1AAC8-772D-4169-BC25-AAC57E2A935A}.Debug|Any CPU.Build.0 = Debug|Any CPU
		{16B1AAC8-772D-4169-BC25-AAC57E2A935A}.Debug|x64.ActiveCfg = Debug|Any CPU
		{16B1AAC8-772D-4169-BC25-AAC57E2A935A}.Debug|x64.Build.0 = Debug|Any CPU
		{16B1AAC8-772D-4169-BC25-AAC57E2A935A}.Debug|x86.ActiveCfg = Debug|Any CPU
		{16B1AAC8-772D-4169-BC25-AAC57E2A935A}.Debug|x86.Build.0 = Debug|Any CPU
		{16B1AAC8-772D-4169-BC25-AAC57E2A935A}.Release|Any CPU.ActiveCfg = Release|Any CPU
		{16B1AAC8-772D-4169-BC25-AAC57E2A935A}.Release|Any CPU.Build.0 = Release|Any CPU
		{16B1AAC8-772D-4169-BC25-AAC57E2A935A}.Release|x64.ActiveCfg = Release|Any CPU
		{16B1AAC8-772D-4169-BC25-AAC57E2A935A}.Release|x64.Build.0 = Release|Any CPU
		{16B1AAC8-772D-4169-BC25-AAC57E2A935A}.Release|x86.ActiveCfg = Release|Any CPU
		{16B1AAC8-772D-4169-BC25-AAC57E2A935A}.Release|x86.Build.0 = Release|Any CPU
		{E40A0908-A2C9-4012-969C-ADC1778AA99D}.Debug|Any CPU.ActiveCfg = Debug|Any CPU
		{E40A0908-A2C9-4012-969C-ADC1778AA99D}.Debug|Any CPU.Build.0 = Debug|Any CPU
		{E40A0908-A2C9-4012-969C-ADC1778AA99D}.Debug|x64.ActiveCfg = Debug|Any CPU
		{E40A0908-A2C9-4012-969C-ADC1778AA99D}.Debug|x64.Build.0 = Debug|Any CPU
		{E40A0908-A2C9-4012-969C-ADC1778AA99D}.Debug|x86.ActiveCfg = Debug|Any CPU
		{E40A0908-A2C9-4012-969C-ADC1778AA99D}.Debug|x86.Build.0 = Debug|Any CPU
		{E40A0908-A2C9-4012-969C-ADC1778AA99D}.Release|Any CPU.ActiveCfg = Release|Any CPU
		{E40A0908-A2C9-4012-969C-ADC1778AA99D}.Release|Any CPU.Build.0 = Release|Any CPU
		{E40A0908-A2C9-4012-969C-ADC1778AA99D}.Release|x64.ActiveCfg = Release|Any CPU
		{E40A0908-A2C9-4012-969C-ADC1778AA99D}.Release|x64.Build.0 = Release|Any CPU
		{E40A0908-A2C9-4012-969C-ADC1778AA99D}.Release|x86.ActiveCfg = Release|Any CPU
		{E40A0908-A2C9-4012-969C-ADC1778AA99D}.Release|x86.Build.0 = Release|Any CPU
	EndGlobalSection
EndGlobal
